
Microsoft Visual Studio Solution File, Format Version 12.00
# Visual Studio 15
Project("{FAE04EC0-301F-11D3-BF4B-00C04F79EFBC}") = "UnityEngine.TestRunner", "UnityEngine.TestRunner.csproj", "{75979E58-4C25-D263-3FEB-670D2F55C473}"
EndProject
Project("{FAE04EC0-301F-11D3-BF4B-00C04F79EFBC}") = "Unity.Mathematics", "Unity.Mathematics.csproj", "{3E385475-B1F9-4485-A522-228277CD6261}"
EndProject
Project("{FAE04EC0-301F-11D3-BF4B-00C04F79EFBC}") = "Unity.2D.Animation.Triangle.Runtime", "Unity.2D.Animation.Triangle.Runtime.csproj", "{AD211A0F-97C5-BCB4-9C9F-BE2B25EA8038}"
EndProject
Project("{FAE04EC0-301F-11D3-BF4B-00C04F79EFBC}") = "Unity.Timeline", "Unity.Timeline.csproj", "{9885019E-8F27-65E4-B3CB-92E3E6EB5E0E}"
EndProject
Project("{FAE04EC0-301F-11D3-BF4B-00C04F79EFBC}") = "UnityEngine.UI", "UnityEngine.UI.csproj", "{F75A5A33-7203-ED80-E619-2C55BACCDFB1}"
EndProject
Project("{FAE04EC0-301F-11D3-BF4B-00C04F79EFBC}") = "Unity.TextMeshPro", "Unity.TextMeshPro.csproj", "{CD8B2146-763A-1ACF-6E67-1A707E2847F2}"
EndProject
Project("{FAE04EC0-301F-11D3-BF4B-00C04F79EFBC}") = "Unity.2D.Animation.Runtime", "Unity.2D.Animation.Runtime.csproj", "{645F65D3-EF4A-A48B-F330-8A482A051294}"
EndProject
Project("{FAE04EC0-301F-11D3-BF4B-00C04F79EFBC}") = "Unity.2D.IK.Runtime", "Unity.2D.IK.Runtime.csproj", "{3D2FF008-255D-5607-FA14-F90936E4C0F0}"
EndProject
Project("{FAE04EC0-301F-11D3-BF4B-00C04F79EFBC}") = "Unity.2D.SpriteShape.Runtime", "Unity.2D.SpriteShape.Runtime.csproj", "{189F6B6E-79FF-97B6-3259-0259EF12C809}"
EndProject
Project("{FAE04EC0-301F-11D3-BF4B-00C04F79EFBC}") = "Assembly-CSharp", "Assembly-CSharp.csproj", "{E6EEA9DE-B9AC-F6D5-7E12-C3C22DF84607}"
EndProject
Project("{FAE04EC0-301F-11D3-BF4B-00C04F79EFBC}") = "Unity.2D.PixelPerfect", "Unity.2D.PixelPerfect.csproj", "{F4511FAF-21B6-5205-2EEA-D294F68DFB66}"
EndProject
Project("{FAE04EC0-301F-11D3-BF4B-00C04F79EFBC}") = "Unity.2D.Common.Runtime", "Unity.2D.Common.Runtime.csproj", "{F0136906-8E0E-B24A-A715-A450C1134839}"
EndProject
Project("{FAE04EC0-301F-11D3-BF4B-00C04F79EFBC}") = "Unity.InternalAPIEngineBridge.001", "Unity.InternalAPIEngineBridge.001.csproj", "{35BC9BE6-E072-294C-B262-CCD0FEC88AFC}"
EndProject
Project("{FAE04EC0-301F-11D3-BF4B-00C04F79EFBC}") = "UnityEditor.TestRunner", "UnityEditor.TestRunner.csproj", "{809D502F-13CD-2A16-0C53-4328A1B7EC0C}"
EndProject
Project("{FAE04EC0-301F-11D3-BF4B-00C04F79EFBC}") = "Unity.PlasticSCM.Editor", "Unity.PlasticSCM.Editor.csproj", "{293CDE19-B2D0-E000-4C67-F1838B94E536}"
EndProject
Project("{FAE04EC0-301F-11D3-BF4B-00C04F79EFBC}") = "UnityEditor.UI", "UnityEditor.UI.csproj", "{0F6EA60A-3AA9-BC31-6759-43393D78644C}"
EndProject
Project("{FAE04EC0-301F-11D3-BF4B-00C04F79EFBC}") = "Unity.Timeline.Editor", "Unity.Timeline.Editor.csproj", "{A65F5A68-3B3D-9F28-20C9-8E6AA5CA54C2}"
EndProject
Project("{FAE04EC0-301F-11D3-BF4B-00C04F79EFBC}") = "Unity.VisualStudio.Editor", "Unity.VisualStudio.Editor.csproj", "{00A0490A-0FEE-A5A0-0369-49832D8AA425}"
EndProject
Project("{FAE04EC0-301F-11D3-BF4B-00C04F79EFBC}") = "Unity.2D.Psdimporter.Editor", "Unity.2D.Psdimporter.Editor.csproj", "{93BCB452-C920-E33B-74BE-70538264AAC2}"
EndProject
Project("{FAE04EC0-301F-11D3-BF4B-00C04F79EFBC}") = "Unity.2D.Animation.Editor", "Unity.2D.Animation.Editor.csproj", "{D107E28D-5855-9EC4-B116-B403E3944D3B}"
EndProject
Project("{FAE04EC0-301F-11D3-BF4B-00C04F79EFBC}") = "Unity.TextMeshPro.Editor", "Unity.TextMeshPro.Editor.csproj", "{74BDF962-436E-5F8E-9A5F-26771DEC0F68}"
EndProject
Project("{FAE04EC0-301F-11D3-BF4B-00C04F79EFBC}") = "Unity.2D.SpriteShape.Editor", "Unity.2D.SpriteShape.Editor.csproj", "{4E43BDB3-AB2C-BABA-6053-29EE396AE32C}"
EndProject
Project("{FAE04EC0-301F-11D3-BF4B-00C04F79EFBC}") = "Unity.CollabProxy.Editor", "Unity.CollabProxy.Editor.csproj", "{97E620F7-70EF-8D98-94BE-0E59A370B6DF}"
EndProject
Project("{FAE04EC0-301F-11D3-BF4B-00C04F79EFBC}") = "PsdPlugin", "PsdPlugin.csproj", "{B079D34F-7814-1A5D-1E0F-2865EC6EA389}"
EndProject
Project("{FAE04EC0-301F-11D3-BF4B-00C04F79EFBC}") = "Unity.2D.Path.Editor", "Unity.2D.Path.Editor.csproj", "{059AFB0F-3CB2-0949-8616-30AFF045EFF8}"
EndProject
Project("{FAE04EC0-301F-11D3-BF4B-00C04F79EFBC}") = "Unity.Rider.Editor", "Unity.Rider.Editor.csproj", "{C92D2E41-0E2D-38B6-C95C-5FD5BF72A1D8}"
EndProject
Project("{FAE04EC0-301F-11D3-BF4B-00C04F79EFBC}") = "Unity.2D.IK.Editor", "Unity.2D.IK.Editor.csproj", "{3618A4A8-A5D8-E4AA-6D26-7331A9DD3CF7}"
EndProject
Project("{FAE04EC0-301F-11D3-BF4B-00C04F79EFBC}") = "Unity.SysrootPackage.Editor", "Unity.SysrootPackage.Editor.csproj", "{B419E60D-A9E1-66FF-7732-A7368039F958}"
EndProject
Project("{FAE04EC0-301F-11D3-BF4B-00C04F79EFBC}") = "Unity.2D.Sprite.Editor", "Unity.2D.Sprite.Editor.csproj", "{E3BEEB90-4502-5031-5852-2A2EF19603C7}"
EndProject
Project("{FAE04EC0-301F-11D3-BF4B-00C04F79EFBC}") = "Unity.2D.Tilemap.Editor", "Unity.2D.Tilemap.Editor.csproj", "{1B99F544-7AF1-19F6-D084-3B93C5ABE635}"
EndProject
Project("{FAE04EC0-301F-11D3-BF4B-00C04F79EFBC}") = "Unity.2D.PixelPerfect.Editor", "Unity.2D.PixelPerfect.Editor.csproj", "{2B67C8D1-91BA-042A-9276-D38EB838BCE8}"
EndProject
Project("{FAE04EC0-301F-11D3-BF4B-00C04F79EFBC}") = "Unity.VSCode.Editor", "Unity.VSCode.Editor.csproj", "{DE6C2F45-3C4F-0BD5-8511-83796E167E3D}"
EndProject
Project("{FAE04EC0-301F-11D3-BF4B-00C04F79EFBC}") = "Unity.Toolchain.Win-x86_64-Linux-x86_64", "Unity.Toolchain.Win-x86_64-Linux-x86_64.csproj", "{B74B4E56-3997-810F-4655-977FFC3FD75E}"
EndProject
Project("{FAE04EC0-301F-11D3-BF4B-00C04F79EFBC}") = "Unity.2D.Common.Editor", "Unity.2D.Common.Editor.csproj", "{53B1008F-939C-FC44-B0BE-95FBF0705951}"
EndProject
Project("{FAE04EC0-301F-11D3-BF4B-00C04F79EFBC}") = "Unity.Mathematics.Editor", "Unity.Mathematics.Editor.csproj", "{B7120B35-67CB-C54C-157D-904C0D079B4F}"
EndProject
Project("{FAE04EC0-301F-11D3-BF4B-00C04F79EFBC}") = "Unity.InternalAPIEditorBridge.001", "Unity.InternalAPIEditorBridge.001.csproj", "{EA35053E-C5E2-A52C-811C-F58B9A1F0C51}"
EndProject
Project("{FAE04EC0-301F-11D3-BF4B-00C04F79EFBC}") = "Unity.Sysroot.Linux_x86_64", "Unity.Sysroot.Linux_x86_64.csproj", "{E7F5A5FC-C281-F8E9-DF7F-6756BB91A26A}"
EndProject
Project("{FAE04EC0-301F-11D3-BF4B-00C04F79EFBC}") = "UnityEngine.TestRunner", "UnityEngine.TestRunner.Player.csproj", "{A6F633E2-516E-BA58-6A74-05F71FE5577B}"
EndProject
Project("{FAE04EC0-301F-11D3-BF4B-00C04F79EFBC}") = "Unity.Mathematics", "Unity.Mathematics.Player.csproj", "{B1F157AB-2FFC-9DEF-A486-1E8C2BC0992D}"
EndProject
Project("{FAE04EC0-301F-11D3-BF4B-00C04F79EFBC}") = "Unity.2D.Animation.Triangle.Runtime", "Unity.2D.Animation.Triangle.Runtime.Player.csproj", "{903D7762-D83C-C6E3-F383-1D2A13E59586}"
EndProject
Project("{FAE04EC0-301F-11D3-BF4B-00C04F79EFBC}") = "Unity.Timeline", "Unity.Timeline.Player.csproj", "{BB6B09EC-A5BF-91ED-0EA7-0CB7BFAFF064}"
EndProject
Project("{FAE04EC0-301F-11D3-BF4B-00C04F79EFBC}") = "UnityEngine.UI", "UnityEngine.UI.Player.csproj", "{E7E8BDA4-1EC6-36D9-4D1E-5A0701E38555}"
EndProject
Project("{FAE04EC0-301F-11D3-BF4B-00C04F79EFBC}") = "Unity.TextMeshPro", "Unity.TextMeshPro.Player.csproj", "{DBB085EE-8424-0A30-EADA-0E9116973A24}"
EndProject
Project("{FAE04EC0-301F-11D3-BF4B-00C04F79EFBC}") = "Unity.2D.Animation.Runtime", "Unity.2D.Animation.Runtime.Player.csproj", "{C4C4BC16-6AB0-632E-EE24-6DED95C17211}"
EndProject
Project("{FAE04EC0-301F-11D3-BF4B-00C04F79EFBC}") = "Unity.2D.IK.Runtime", "Unity.2D.IK.Runtime.Player.csproj", "{2558DA5B-5D5E-A069-2E9D-373575CDDD7C}"
EndProject
Project("{FAE04EC0-301F-11D3-BF4B-00C04F79EFBC}") = "Unity.2D.SpriteShape.Runtime", "Unity.2D.SpriteShape.Runtime.Player.csproj", "{7D7A90C4-AF21-D1E5-47FE-F0DEBA648E12}"
EndProject
Project("{FAE04EC0-301F-11D3-BF4B-00C04F79EFBC}") = "Assembly-CSharp", "Assembly-CSharp.Player.csproj", "{BD048FE5-82D0-8805-5164-D20FCFD46399}"
EndProject
Project("{FAE04EC0-301F-11D3-BF4B-00C04F79EFBC}") = "Unity.2D.PixelPerfect", "Unity.2D.PixelPerfect.Player.csproj", "{7E59047D-9A18-D57A-22E4-9D629A8F55BB}"
EndProject
Project("{FAE04EC0-301F-11D3-BF4B-00C04F79EFBC}") = "Unity.2D.Common.Runtime", "Unity.2D.Common.Runtime.Player.csproj", "{A05CA763-99FB-4066-2620-BD3CEA050396}"
EndProject
Project("{FAE04EC0-301F-11D3-BF4B-00C04F79EFBC}") = "Unity.InternalAPIEngineBridge.001", "Unity.InternalAPIEngineBridge.001.Player.csproj", "{5E72D134-627A-6CF6-310E-F68AD72A7E5C}"
EndProject
Global
	GlobalSection(SolutionConfigurationPlatforms) = preSolution
		Debug|Any CPU = Debug|Any CPU
		Release|Any CPU = Release|Any CPU
	EndGlobalSection
	GlobalSection(ProjectConfigurationPlatforms) = postSolution
		{75979E58-4C25-D263-3FEB-670D2F55C473}.Debug|Any CPU.ActiveCfg = Debug|Any CPU
		{75979E58-4C25-D263-3FEB-670D2F55C473}.Debug|Any CPU.Build.0 = Debug|Any CPU
		{75979E58-4C25-D263-3FEB-670D2F55C473}.Release|Any CPU.ActiveCfg = Release|Any CPU
		{75979E58-4C25-D263-3FEB-670D2F55C473}.Release|Any CPU.Build.0 = Release|Any CPU
		{3E385475-B1F9-4485-A522-228277CD6261}.Debug|Any CPU.ActiveCfg = Debug|Any CPU
		{3E385475-B1F9-4485-A522-228277CD6261}.Debug|Any CPU.Build.0 = Debug|Any CPU
		{3E385475-B1F9-4485-A522-228277CD6261}.Release|Any CPU.ActiveCfg = Release|Any CPU
		{3E385475-B1F9-4485-A522-228277CD6261}.Release|Any CPU.Build.0 = Release|Any CPU
		{AD211A0F-97C5-BCB4-9C9F-BE2B25EA8038}.Debug|Any CPU.ActiveCfg = Debug|Any CPU
		{AD211A0F-97C5-BCB4-9C9F-BE2B25EA8038}.Debug|Any CPU.Build.0 = Debug|Any CPU
		{AD211A0F-97C5-BCB4-9C9F-BE2B25EA8038}.Release|Any CPU.ActiveCfg = Release|Any CPU
		{AD211A0F-97C5-BCB4-9C9F-BE2B25EA8038}.Release|Any CPU.Build.0 = Release|Any CPU
		{9885019E-8F27-65E4-B3CB-92E3E6EB5E0E}.Debug|Any CPU.ActiveCfg = Debug|Any CPU
		{9885019E-8F27-65E4-B3CB-92E3E6EB5E0E}.Debug|Any CPU.Build.0 = Debug|Any CPU
		{9885019E-8F27-65E4-B3CB-92E3E6EB5E0E}.Release|Any CPU.ActiveCfg = Release|Any CPU
		{9885019E-8F27-65E4-B3CB-92E3E6EB5E0E}.Release|Any CPU.Build.0 = Release|Any CPU
		{F75A5A33-7203-ED80-E619-2C55BACCDFB1}.Debug|Any CPU.ActiveCfg = Debug|Any CPU
		{F75A5A33-7203-ED80-E619-2C55BACCDFB1}.Debug|Any CPU.Build.0 = Debug|Any CPU
		{F75A5A33-7203-ED80-E619-2C55BACCDFB1}.Release|Any CPU.ActiveCfg = Release|Any CPU
		{F75A5A33-7203-ED80-E619-2C55BACCDFB1}.Release|Any CPU.Build.0 = Release|Any CPU
		{CD8B2146-763A-1ACF-6E67-1A707E2847F2}.Debug|Any CPU.ActiveCfg = Debug|Any CPU
		{CD8B2146-763A-1ACF-6E67-1A707E2847F2}.Debug|Any CPU.Build.0 = Debug|Any CPU
		{CD8B2146-763A-1ACF-6E67-1A707E2847F2}.Release|Any CPU.ActiveCfg = Release|Any CPU
		{CD8B2146-763A-1ACF-6E67-1A707E2847F2}.Release|Any CPU.Build.0 = Release|Any CPU
		{645F65D3-EF4A-A48B-F330-8A482A051294}.Debug|Any CPU.ActiveCfg = Debug|Any CPU
		{645F65D3-EF4A-A48B-F330-8A482A051294}.Debug|Any CPU.Build.0 = Debug|Any CPU
		{645F65D3-EF4A-A48B-F330-8A482A051294}.Release|Any CPU.ActiveCfg = Release|Any CPU
		{645F65D3-EF4A-A48B-F330-8A482A051294}.Release|Any CPU.Build.0 = Release|Any CPU
		{3D2FF008-255D-5607-FA14-F90936E4C0F0}.Debug|Any CPU.ActiveCfg = Debug|Any CPU
		{3D2FF008-255D-5607-FA14-F90936E4C0F0}.Debug|Any CPU.Build.0 = Debug|Any CPU
		{3D2FF008-255D-5607-FA14-F90936E4C0F0}.Release|Any CPU.ActiveCfg = Release|Any CPU
		{3D2FF008-255D-5607-FA14-F90936E4C0F0}.Release|Any CPU.Build.0 = Release|Any CPU
		{189F6B6E-79FF-97B6-3259-0259EF12C809}.Debug|Any CPU.ActiveCfg = Debug|Any CPU
		{189F6B6E-79FF-97B6-3259-0259EF12C809}.Debug|Any CPU.Build.0 = Debug|Any CPU
		{189F6B6E-79FF-97B6-3259-0259EF12C809}.Release|Any CPU.ActiveCfg = Release|Any CPU
		{189F6B6E-79FF-97B6-3259-0259EF12C809}.Release|Any CPU.Build.0 = Release|Any CPU
		{E6EEA9DE-B9AC-F6D5-7E12-C3C22DF84607}.Debug|Any CPU.ActiveCfg = Debug|Any CPU
		{E6EEA9DE-B9AC-F6D5-7E12-C3C22DF84607}.Debug|Any CPU.Build.0 = Debug|Any CPU
		{E6EEA9DE-B9AC-F6D5-7E12-C3C22DF84607}.Release|Any CPU.ActiveCfg = Release|Any CPU
		{E6EEA9DE-B9AC-F6D5-7E12-C3C22DF84607}.Release|Any CPU.Build.0 = Release|Any CPU
		{F4511FAF-21B6-5205-2EEA-D294F68DFB66}.Debug|Any CPU.ActiveCfg = Debug|Any CPU
		{F4511FAF-21B6-5205-2EEA-D294F68DFB66}.Debug|Any CPU.Build.0 = Debug|Any CPU
		{F4511FAF-21B6-5205-2EEA-D294F68DFB66}.Release|Any CPU.ActiveCfg = Release|Any CPU
		{F4511FAF-21B6-5205-2EEA-D294F68DFB66}.Release|Any CPU.Build.0 = Release|Any CPU
		{F0136906-8E0E-B24A-A715-A450C1134839}.Debug|Any CPU.ActiveCfg = Debug|Any CPU
		{F0136906-8E0E-B24A-A715-A450C1134839}.Debug|Any CPU.Build.0 = Debug|Any CPU
		{F0136906-8E0E-B24A-A715-A450C1134839}.Release|Any CPU.ActiveCfg = Release|Any CPU
		{F0136906-8E0E-B24A-A715-A450C1134839}.Release|Any CPU.Build.0 = Release|Any CPU
		{35BC9BE6-E072-294C-B262-CCD0FEC88AFC}.Debug|Any CPU.ActiveCfg = Debug|Any CPU
		{35BC9BE6-E072-294C-B262-CCD0FEC88AFC}.Debug|Any CPU.Build.0 = Debug|Any CPU
		{35BC9BE6-E072-294C-B262-CCD0FEC88AFC}.Release|Any CPU.ActiveCfg = Release|Any CPU
		{35BC9BE6-E072-294C-B262-CCD0FEC88AFC}.Release|Any CPU.Build.0 = Release|Any CPU
		{809D502F-13CD-2A16-0C53-4328A1B7EC0C}.Debug|Any CPU.ActiveCfg = Debug|Any CPU
		{809D502F-13CD-2A16-0C53-4328A1B7EC0C}.Debug|Any CPU.Build.0 = Debug|Any CPU
		{809D502F-13CD-2A16-0C53-4328A1B7EC0C}.Release|Any CPU.ActiveCfg = Release|Any CPU
		{809D502F-13CD-2A16-0C53-4328A1B7EC0C}.Release|Any CPU.Build.0 = Release|Any CPU
		{293CDE19-B2D0-E000-4C67-F1838B94E536}.Debug|Any CPU.ActiveCfg = Debug|Any CPU
		{293CDE19-B2D0-E000-4C67-F1838B94E536}.Debug|Any CPU.Build.0 = Debug|Any CPU
		{293CDE19-B2D0-E000-4C67-F1838B94E536}.Release|Any CPU.ActiveCfg = Release|Any CPU
		{293CDE19-B2D0-E000-4C67-F1838B94E536}.Release|Any CPU.Build.0 = Release|Any CPU
		{0F6EA60A-3AA9-BC31-6759-43393D78644C}.Debug|Any CPU.ActiveCfg = Debug|Any CPU
		{0F6EA60A-3AA9-BC31-6759-43393D78644C}.Debug|Any CPU.Build.0 = Debug|Any CPU
		{0F6EA60A-3AA9-BC31-6759-43393D78644C}.Release|Any CPU.ActiveCfg = Release|Any CPU
		{0F6EA60A-3AA9-BC31-6759-43393D78644C}.Release|Any CPU.Build.0 = Release|Any CPU
		{A65F5A68-3B3D-9F28-20C9-8E6AA5CA54C2}.Debug|Any CPU.ActiveCfg = Debug|Any CPU
		{A65F5A68-3B3D-9F28-20C9-8E6AA5CA54C2}.Debug|Any CPU.Build.0 = Debug|Any CPU
		{A65F5A68-3B3D-9F28-20C9-8E6AA5CA54C2}.Release|Any CPU.ActiveCfg = Release|Any CPU
		{A65F5A68-3B3D-9F28-20C9-8E6AA5CA54C2}.Release|Any CPU.Build.0 = Release|Any CPU
		{00A0490A-0FEE-A5A0-0369-49832D8AA425}.Debug|Any CPU.ActiveCfg = Debug|Any CPU
		{00A0490A-0FEE-A5A0-0369-49832D8AA425}.Debug|Any CPU.Build.0 = Debug|Any CPU
		{00A0490A-0FEE-A5A0-0369-49832D8AA425}.Release|Any CPU.ActiveCfg = Release|Any CPU
		{00A0490A-0FEE-A5A0-0369-49832D8AA425}.Release|Any CPU.Build.0 = Release|Any CPU
		{93BCB452-C920-E33B-74BE-70538264AAC2}.Debug|Any CPU.ActiveCfg = Debug|Any CPU
		{93BCB452-C920-E33B-74BE-70538264AAC2}.Debug|Any CPU.Build.0 = Debug|Any CPU
		{93BCB452-C920-E33B-74BE-70538264AAC2}.Release|Any CPU.ActiveCfg = Release|Any CPU
		{93BCB452-C920-E33B-74BE-70538264AAC2}.Release|Any CPU.Build.0 = Release|Any CPU
		{D107E28D-5855-9EC4-B116-B403E3944D3B}.Debug|Any CPU.ActiveCfg = Debug|Any CPU
		{D107E28D-5855-9EC4-B116-B403E3944D3B}.Debug|Any CPU.Build.0 = Debug|Any CPU
		{D107E28D-5855-9EC4-B116-B403E3944D3B}.Release|Any CPU.ActiveCfg = Release|Any CPU
		{D107E28D-5855-9EC4-B116-B403E3944D3B}.Release|Any CPU.Build.0 = Release|Any CPU
		{74BDF962-436E-5F8E-9A5F-26771DEC0F68}.Debug|Any CPU.ActiveCfg = Debug|Any CPU
		{74BDF962-436E-5F8E-9A5F-26771DEC0F68}.Debug|Any CPU.Build.0 = Debug|Any CPU
		{74BDF962-436E-5F8E-9A5F-26771DEC0F68}.Release|Any CPU.ActiveCfg = Release|Any CPU
		{74BDF962-436E-5F8E-9A5F-26771DEC0F68}.Release|Any CPU.Build.0 = Release|Any CPU
		{4E43BDB3-AB2C-BABA-6053-29EE396AE32C}.Debug|Any CPU.ActiveCfg = Debug|Any CPU
		{4E43BDB3-AB2C-BABA-6053-29EE396AE32C}.Debug|Any CPU.Build.0 = Debug|Any CPU
		{4E43BDB3-AB2C-BABA-6053-29EE396AE32C}.Release|Any CPU.ActiveCfg = Release|Any CPU
		{4E43BDB3-AB2C-BABA-6053-29EE396AE32C}.Release|Any CPU.Build.0 = Release|Any CPU
		{97E620F7-70EF-8D98-94BE-0E59A370B6DF}.Debug|Any CPU.ActiveCfg = Debug|Any CPU
		{97E620F7-70EF-8D98-94BE-0E59A370B6DF}.Debug|Any CPU.Build.0 = Debug|Any CPU
		{97E620F7-70EF-8D98-94BE-0E59A370B6DF}.Release|Any CPU.ActiveCfg = Release|Any CPU
		{97E620F7-70EF-8D98-94BE-0E59A370B6DF}.Release|Any CPU.Build.0 = Release|Any CPU
		{B079D34F-7814-1A5D-1E0F-2865EC6EA389}.Debug|Any CPU.ActiveCfg = Debug|Any CPU
		{B079D34F-7814-1A5D-1E0F-2865EC6EA389}.Debug|Any CPU.Build.0 = Debug|Any CPU
		{B079D34F-7814-1A5D-1E0F-2865EC6EA389}.Release|Any CPU.ActiveCfg = Release|Any CPU
		{B079D34F-7814-1A5D-1E0F-2865EC6EA389}.Release|Any CPU.Build.0 = Release|Any CPU
		{059AFB0F-3CB2-0949-8616-30AFF045EFF8}.Debug|Any CPU.ActiveCfg = Debug|Any CPU
		{059AFB0F-3CB2-0949-8616-30AFF045EFF8}.Debug|Any CPU.Build.0 = Debug|Any CPU
		{059AFB0F-3CB2-0949-8616-30AFF045EFF8}.Release|Any CPU.ActiveCfg = Release|Any CPU
		{059AFB0F-3CB2-0949-8616-30AFF045EFF8}.Release|Any CPU.Build.0 = Release|Any CPU
		{C92D2E41-0E2D-38B6-C95C-5FD5BF72A1D8}.Debug|Any CPU.ActiveCfg = Debug|Any CPU
		{C92D2E41-0E2D-38B6-C95C-5FD5BF72A1D8}.Debug|Any CPU.Build.0 = Debug|Any CPU
		{C92D2E41-0E2D-38B6-C95C-5FD5BF72A1D8}.Release|Any CPU.ActiveCfg = Release|Any CPU
		{C92D2E41-0E2D-38B6-C95C-5FD5BF72A1D8}.Release|Any CPU.Build.0 = Release|Any CPU
		{3618A4A8-A5D8-E4AA-6D26-7331A9DD3CF7}.Debug|Any CPU.ActiveCfg = Debug|Any CPU
		{3618A4A8-A5D8-E4AA-6D26-7331A9DD3CF7}.Debug|Any CPU.Build.0 = Debug|Any CPU
		{3618A4A8-A5D8-E4AA-6D26-7331A9DD3CF7}.Release|Any CPU.ActiveCfg = Release|Any CPU
		{3618A4A8-A5D8-E4AA-6D26-7331A9DD3CF7}.Release|Any CPU.Build.0 = Release|Any CPU
		{B419E60D-A9E1-66FF-7732-A7368039F958}.Debug|Any CPU.ActiveCfg = Debug|Any CPU
		{B419E60D-A9E1-66FF-7732-A7368039F958}.Debug|Any CPU.Build.0 = Debug|Any CPU
		{B419E60D-A9E1-66FF-7732-A7368039F958}.Release|Any CPU.ActiveCfg = Release|Any CPU
		{B419E60D-A9E1-66FF-7732-A7368039F958}.Release|Any CPU.Build.0 = Release|Any CPU
		{E3BEEB90-4502-5031-5852-2A2EF19603C7}.Debug|Any CPU.ActiveCfg = Debug|Any CPU
		{E3BEEB90-4502-5031-5852-2A2EF19603C7}.Debug|Any CPU.Build.0 = Debug|Any CPU
		{E3BEEB90-4502-5031-5852-2A2EF19603C7}.Release|Any CPU.ActiveCfg = Release|Any CPU
		{E3BEEB90-4502-5031-5852-2A2EF19603C7}.Release|Any CPU.Build.0 = Release|Any CPU
		{1B99F544-7AF1-19F6-D084-3B93C5ABE635}.Debug|Any CPU.ActiveCfg = Debug|Any CPU
		{1B99F544-7AF1-19F6-D084-3B93C5ABE635}.Debug|Any CPU.Build.0 = Debug|Any CPU
		{1B99F544-7AF1-19F6-D084-3B93C5ABE635}.Release|Any CPU.ActiveCfg = Release|Any CPU
		{1B99F544-7AF1-19F6-D084-3B93C5ABE635}.Release|Any CPU.Build.0 = Release|Any CPU
		{2B67C8D1-91BA-042A-9276-D38EB838BCE8}.Debug|Any CPU.ActiveCfg = Debug|Any CPU
		{2B67C8D1-91BA-042A-9276-D38EB838BCE8}.Debug|Any CPU.Build.0 = Debug|Any CPU
		{2B67C8D1-91BA-042A-9276-D38EB838BCE8}.Release|Any CPU.ActiveCfg = Release|Any CPU
		{2B67C8D1-91BA-042A-9276-D38EB838BCE8}.Release|Any CPU.Build.0 = Release|Any CPU
		{DE6C2F45-3C4F-0BD5-8511-83796E167E3D}.Debug|Any CPU.ActiveCfg = Debug|Any CPU
		{DE6C2F45-3C4F-0BD5-8511-83796E167E3D}.Debug|Any CPU.Build.0 = Debug|Any CPU
		{DE6C2F45-3C4F-0BD5-8511-83796E167E3D}.Release|Any CPU.ActiveCfg = Release|Any CPU
		{DE6C2F45-3C4F-0BD5-8511-83796E167E3D}.Release|Any CPU.Build.0 = Release|Any CPU
		{B74B4E56-3997-810F-4655-977FFC3FD75E}.Debug|Any CPU.ActiveCfg = Debug|Any CPU
		{B74B4E56-3997-810F-4655-977FFC3FD75E}.Debug|Any CPU.Build.0 = Debug|Any CPU
		{B74B4E56-3997-810F-4655-977FFC3FD75E}.Release|Any CPU.ActiveCfg = Release|Any CPU
		{B74B4E56-3997-810F-4655-977FFC3FD75E}.Release|Any CPU.Build.0 = Release|Any CPU
		{53B1008F-939C-FC44-B0BE-95FBF0705951}.Debug|Any CPU.ActiveCfg = Debug|Any CPU
		{53B1008F-939C-FC44-B0BE-95FBF0705951}.Debug|Any CPU.Build.0 = Debug|Any CPU
		{53B1008F-939C-FC44-B0BE-95FBF0705951}.Release|Any CPU.ActiveCfg = Release|Any CPU
		{53B1008F-939C-FC44-B0BE-95FBF0705951}.Release|Any CPU.Build.0 = Release|Any CPU
		{B7120B35-67CB-C54C-157D-904C0D079B4F}.Debug|Any CPU.ActiveCfg = Debug|Any CPU
		{B7120B35-67CB-C54C-157D-904C0D079B4F}.Debug|Any CPU.Build.0 = Debug|Any CPU
		{B7120B35-67CB-C54C-157D-904C0D079B4F}.Release|Any CPU.ActiveCfg = Release|Any CPU
		{B7120B35-67CB-C54C-157D-904C0D079B4F}.Release|Any CPU.Build.0 = Release|Any CPU
		{EA35053E-C5E2-A52C-811C-F58B9A1F0C51}.Debug|Any CPU.ActiveCfg = Debug|Any CPU
		{EA35053E-C5E2-A52C-811C-F58B9A1F0C51}.Debug|Any CPU.Build.0 = Debug|Any CPU
		{EA35053E-C5E2-A52C-811C-F58B9A1F0C51}.Release|Any CPU.ActiveCfg = Release|Any CPU
		{EA35053E-C5E2-A52C-811C-F58B9A1F0C51}.Release|Any CPU.Build.0 = Release|Any CPU
		{E7F5A5FC-C281-F8E9-DF7F-6756BB91A26A}.Debug|Any CPU.ActiveCfg = Debug|Any CPU
		{E7F5A5FC-C281-F8E9-DF7F-6756BB91A26A}.Debug|Any CPU.Build.0 = Debug|Any CPU
		{E7F5A5FC-C281-F8E9-DF7F-6756BB91A26A}.Release|Any CPU.ActiveCfg = Release|Any CPU
		{E7F5A5FC-C281-F8E9-DF7F-6756BB91A26A}.Release|Any CPU.Build.0 = Release|Any CPU
		{A6F633E2-516E-BA58-6A74-05F71FE5577B}.Debug|Any CPU.ActiveCfg = Debug|Any CPU
		{A6F633E2-516E-BA58-6A74-05F71FE5577B}.Debug|Any CPU.Build.0 = Debug|Any CPU
		{A6F633E2-516E-BA58-6A74-05F71FE5577B}.Release|Any CPU.ActiveCfg = Release|Any CPU
		{A6F633E2-516E-BA58-6A74-05F71FE5577B}.Release|Any CPU.Build.0 = Release|Any CPU
		{B1F157AB-2FFC-9DEF-A486-1E8C2BC0992D}.Debug|Any CPU.ActiveCfg = Debug|Any CPU
		{B1F157AB-2FFC-9DEF-A486-1E8C2BC0992D}.Debug|Any CPU.Build.0 = Debug|Any CPU
		{B1F157AB-2FFC-9DEF-A486-1E8C2BC0992D}.Release|Any CPU.ActiveCfg = Release|Any CPU
		{B1F157AB-2FFC-9DEF-A486-1E8C2BC0992D}.Release|Any CPU.Build.0 = Release|Any CPU
		{903D7762-D83C-C6E3-F383-1D2A13E59586}.Debug|Any CPU.ActiveCfg = Debug|Any CPU
		{903D7762-D83C-C6E3-F383-1D2A13E59586}.Debug|Any CPU.Build.0 = Debug|Any CPU
		{903D7762-D83C-C6E3-F383-1D2A13E59586}.Release|Any CPU.ActiveCfg = Release|Any CPU
		{903D7762-D83C-C6E3-F383-1D2A13E59586}.Release|Any CPU.Build.0 = Release|Any CPU
		{BB6B09EC-A5BF-91ED-0EA7-0CB7BFAFF064}.Debug|Any CPU.ActiveCfg = Debug|Any CPU
		{BB6B09EC-A5BF-91ED-0EA7-0CB7BFAFF064}.Debug|Any CPU.Build.0 = Debug|Any CPU
		{BB6B09EC-A5BF-91ED-0EA7-0CB7BFAFF064}.Release|Any CPU.ActiveCfg = Release|Any CPU
		{BB6B09EC-A5BF-91ED-0EA7-0CB7BFAFF064}.Release|Any CPU.Build.0 = Release|Any CPU
		{E7E8BDA4-1EC6-36D9-4D1E-5A0701E38555}.Debug|Any CPU.ActiveCfg = Debug|Any CPU
		{E7E8BDA4-1EC6-36D9-4D1E-5A0701E38555}.Debug|Any CPU.Build.0 = Debug|Any CPU
		{E7E8BDA4-1EC6-36D9-4D1E-5A0701E38555}.Release|Any CPU.ActiveCfg = Release|Any CPU
		{E7E8BDA4-1EC6-36D9-4D1E-5A0701E38555}.Release|Any CPU.Build.0 = Release|Any CPU
		{DBB085EE-8424-0A30-EADA-0E9116973A24}.Debug|Any CPU.ActiveCfg = Debug|Any CPU
		{DBB085EE-8424-0A30-EADA-0E9116973A24}.Debug|Any CPU.Build.0 = Debug|Any CPU
		{DBB085EE-8424-0A30-EADA-0E9116973A24}.Release|Any CPU.ActiveCfg = Release|Any CPU
		{DBB085EE-8424-0A30-EADA-0E9116973A24}.Release|Any CPU.Build.0 = Release|Any CPU
		{C4C4BC16-6AB0-632E-EE24-6DED95C17211}.Debug|Any CPU.ActiveCfg = Debug|Any CPU
		{C4C4BC16-6AB0-632E-EE24-6DED95C17211}.Debug|Any CPU.Build.0 = Debug|Any CPU
		{C4C4BC16-6AB0-632E-EE24-6DED95C17211}.Release|Any CPU.ActiveCfg = Release|Any CPU
		{C4C4BC16-6AB0-632E-EE24-6DED95C17211}.Release|Any CPU.Build.0 = Release|Any CPU
		{2558DA5B-5D5E-A069-2E9D-373575CDDD7C}.Debug|Any CPU.ActiveCfg = Debug|Any CPU
		{2558DA5B-5D5E-A069-2E9D-373575CDDD7C}.Debug|Any CPU.Build.0 = Debug|Any CPU
		{2558DA5B-5D5E-A069-2E9D-373575CDDD7C}.Release|Any CPU.ActiveCfg = Release|Any CPU
		{2558DA5B-5D5E-A069-2E9D-373575CDDD7C}.Release|Any CPU.Build.0 = Release|Any CPU
		{7D7A90C4-AF21-D1E5-47FE-F0DEBA648E12}.Debug|Any CPU.ActiveCfg = Debug|Any CPU
		{7D7A90C4-AF21-D1E5-47FE-F0DEBA648E12}.Debug|Any CPU.Build.0 = Debug|Any CPU
		{7D7A90C4-AF21-D1E5-47FE-F0DEBA648E12}.Release|Any CPU.ActiveCfg = Release|Any CPU
		{7D7A90C4-AF21-D1E5-47FE-F0DEBA648E12}.Release|Any CPU.Build.0 = Release|Any CPU
		{BD048FE5-82D0-8805-5164-D20FCFD46399}.Debug|Any CPU.ActiveCfg = Debug|Any CPU
		{BD048FE5-82D0-8805-5164-D20FCFD46399}.Debug|Any CPU.Build.0 = Debug|Any CPU
		{BD048FE5-82D0-8805-5164-D20FCFD46399}.Release|Any CPU.ActiveCfg = Release|Any CPU
		{BD048FE5-82D0-8805-5164-D20FCFD46399}.Release|Any CPU.Build.0 = Release|Any CPU
		{7E59047D-9A18-D57A-22E4-9D629A8F55BB}.Debug|Any CPU.ActiveCfg = Debug|Any CPU
		{7E59047D-9A18-D57A-22E4-9D629A8F55BB}.Debug|Any CPU.Build.0 = Debug|Any CPU
		{7E59047D-9A18-D57A-22E4-9D629A8F55BB}.Release|Any CPU.ActiveCfg = Release|Any CPU
		{7E59047D-9A18-D57A-22E4-9D629A8F55BB}.Release|Any CPU.Build.0 = Release|Any CPU
		{A05CA763-99FB-4066-2620-BD3CEA050396}.Debug|Any CPU.ActiveCfg = Debug|Any CPU
		{A05CA763-99FB-4066-2620-BD3CEA050396}.Debug|Any CPU.Build.0 = Debug|Any CPU
		{A05CA763-99FB-4066-2620-BD3CEA050396}.Release|Any CPU.ActiveCfg = Release|Any CPU
		{A05CA763-99FB-4066-2620-BD3CEA050396}.Release|Any CPU.Build.0 = Release|Any CPU
		{5E72D134-627A-6CF6-310E-F68AD72A7E5C}.Debug|Any CPU.ActiveCfg = Debug|Any CPU
		{5E72D134-627A-6CF6-310E-F68AD72A7E5C}.Debug|Any CPU.Build.0 = Debug|Any CPU
		{5E72D134-627A-6CF6-310E-F68AD72A7E5C}.Release|Any CPU.ActiveCfg = Release|Any CPU
		{5E72D134-627A-6CF6-310E-F68AD72A7E5C}.Release|Any CPU.Build.0 = Release|Any CPU
	EndGlobalSection
	GlobalSection(SolutionProperties) = preSolution
		HideSolutionNode = FALSE
	EndGlobalSection
EndGlobal
